// !$*UTF8*$!
{
	archiveVersion = 1;
	classes = {
	};
	objectVersion = 46;
	objects = {

/* Begin PBXBuildFile section */
		E6990C881D39C77400A6A7C9 /* AppDelegate.swift in Sources */ = {isa = PBXBuildFile; fileRef = E6990C871D39C77400A6A7C9 /* AppDelegate.swift */; };
		E6990C8A1D39C77400A6A7C9 /* ViewController.swift in Sources */ = {isa = PBXBuildFile; fileRef = E6990C891D39C77400A6A7C9 /* ViewController.swift */; };
		E6990C8D1D39C77400A6A7C9 /* Main.storyboard in Resources */ = {isa = PBXBuildFile; fileRef = E6990C8B1D39C77400A6A7C9 /* Main.storyboard */; };
		E6990C8F1D39C77400A6A7C9 /* Assets.xcassets in Resources */ = {isa = PBXBuildFile; fileRef = E6990C8E1D39C77400A6A7C9 /* Assets.xcassets */; };
		E6990C921D39C77400A6A7C9 /* LaunchScreen.storyboard in Resources */ = {isa = PBXBuildFile; fileRef = E6990C901D39C77400A6A7C9 /* LaunchScreen.storyboard */; };
		E6990C9A1D39C7BF00A6A7C9 /* Datos.swift in Sources */ = {isa = PBXBuildFile; fileRef = E6990C991D39C7BF00A6A7C9 /* Datos.swift */; settings = {ASSET_TAGS = (); }; };
		E6F9F8151D3C658A00A20297 /* ColoresStruct.swift in Sources */ = {isa = PBXBuildFile; fileRef = E6F9F8141D3C658A00A20297 /* ColoresStruct.swift */; settings = {ASSET_TAGS = (); }; };
/* End PBXBuildFile section */

/* Begin PBXFileReference section */
		E6990C841D39C77400A6A7C9 /* Hamburguesas.app */ = {isa = PBXFileReference; explicitFileType = wrapper.application; includeInIndex = 0; path = Hamburguesas.app; sourceTree = BUILT_PRODUCTS_DIR; };
		E6990C871D39C77400A6A7C9 /* AppDelegate.swift */ = {isa = PBXFileReference; lastKnownFileType = sourcecode.swift; path = AppDelegate.swift; sourceTree = "<group>"; };
		E6990C891D39C77400A6A7C9 /* ViewController.swift */ = {isa = PBXFileReference; lastKnownFileType = sourcecode.swift; path = ViewController.swift; sourceTree = "<group>"; };
		E6990C8C1D39C77400A6A7C9 /* Base */ = {isa = PBXFileReference; lastKnownFileType = file.storyboard; name = Base; path = Base.lproj/Main.storyboard; sourceTree = "<group>"; };
		E6990C8E1D39C77400A6A7C9 /* Assets.xcassets */ = {isa = PBXFileReference; lastKnownFileType = folder.assetcatalog; path = Assets.xcassets; sourceTree = "<group>"; };
		E6990C911D39C77400A6A7C9 /* Base */ = {isa = PBXFileReference; lastKnownFileType = file.storyboard; name = Base; path = Base.lproj/LaunchScreen.storyboard; sourceTree = "<group>"; };
		E6990C931D39C77400A6A7C9 /* Info.plist */ = {isa = PBXFileReference; lastKnownFileType = text.plist.xml; path = Info.plist; sourceTree = "<group>"; };
		E6990C991D39C7BF00A6A7C9 /* Datos.swift */ = {isa = PBXFileReference; fileEncoding = 4; lastKnownFileType = sourcecode.swift; path = Datos.swift; sourceTree = "<group>"; };
		E6F9F8141D3C658A00A20297 /* ColoresStruct.swift */ = {isa = PBXFileReference; fileEncoding = 4; lastKnownFileType = sourcecode.swift; path = ColoresStruct.swift; sourceTree = "<group>"; };
/* End PBXFileReference section */

/* Begin PBXFrameworksBuildPhase section */
		E6990C811D39C77400A6A7C9 /* Frameworks */ = {
			isa = PBXFrameworksBuildPhase;
			buildActionMask = 2147483647;
			files = (
			);
			runOnlyForDeploymentPostprocessing = 0;
		};
/* End PBXFrameworksBuildPhase section */

/* Begin PBXGroup section */
		E6990C7B1D39C77400A6A7C9 = {
			isa = PBXGroup;
			children = (
				E6990C861D39C77400A6A7C9 /* Hamburguesas */,
				E6990C851D39C77400A6A7C9 /* Products */,
			);
			sourceTree = "<group>";
		};
		E6990C851D39C77400A6A7C9 /* Products */ = {
			isa = PBXGroup;
			children = (
				E6990C841D39C77400A6A7C9 /* Hamburguesas.app */,
			);
			name = Products;
			sourceTree = "<group>";
		};
		E6990C861D39C77400A6A7C9 /* Hamburguesas */ = {
			isa = PBXGroup;
			children = (
				E6990C871D39C77400A6A7C9 /* AppDelegate.swift */,
				E6990C891D39C77400A6A7C9 /* ViewController.swift */,
				E6990C8B1D39C77400A6A7C9 /* Main.storyboard */,
				E6990C8E1D39C77400A6A7C9 /* Assets.xcassets */,
				E6990C901D39C77400A6A7C9 /* LaunchScreen.storyboard */,
				E6990C931D39C77400A6A7C9 /* Info.plist */,
				E6990C991D39C7BF00A6A7C9 /* Datos.swift */,
				E6F9F8141D3C658A00A20297 /* ColoresStruct.swift */,
			);
			path = Hamburguesas;
			sourceTree = "<group>";
		};
/* End PBXGroup section */

/* Begin PBXNativeTarget section */
		E6990C831D39C77400A6A7C9 /* Hamburguesas */ = {
			isa = PBXNativeTarget;
			buildConfigurationList = E6990C961D39C77400A6A7C9 /* Build configuration list for PBXNativeTarget "Hamburguesas" */;
			buildPhases = (
				E6990C801D39C77400A6A7C9 /* Sources */,
				E6990C811D39C77400A6A7C9 /* Frameworks */,
				E6990C821D39C77400A6A7C9 /* Resources */,
			);
			buildRules = (
			);
			dependencies = (
			);
			name = Hamburguesas;
			productName = Hamburguesas;
			productReference = E6990C841D39C77400A6A7C9 /* Hamburguesas.app */;
			productType = "com.apple.product-type.application";
		};
/* End PBXNativeTarget section */

/* Begin PBXProject section */
		E6990C7C1D39C77400A6A7C9 /* Project object */ = {
			isa = PBXProject;
			attributes = {
				LastUpgradeCheck = 0700;
				ORGANIZATIONNAME = "Laura Saavedra";
				TargetAttributes = {
					E6990C831D39C77400A6A7C9 = {
						CreatedOnToolsVersion = 7.0;
						DevelopmentTeam = F9UFQM3675;
					};
				};
			};
			buildConfigurationList = E6990C7F1D39C77400A6A7C9 /* Build configuration list for PBXProject "Hamburguesas" */;
			compatibilityVersion = "Xcode 3.2";
			developmentRegion = English;
			hasScannedForEncodings = 0;
			knownRegions = (
				en,
				Base,
			);
			mainGroup = E6990C7B1D39C77400A6A7C9;
			productRefGroup = E6990C851D39C77400A6A7C9 /* Products */;
			projectDirPath = "";
			projectRoot = "";
			targets = (
				E6990C831D39C77400A6A7C9 /* Hamburguesas */,
			);
		};
/* End PBXProject section */

/* Begin PBXResourcesBuildPhase section */
		E6990C821D39C77400A6A7C9 /* Resources */ = {
			isa = PBXResourcesBuildPhase;
			buildActionMask = 2147483647;
			files = (
				E6990C921D39C77400A6A7C9 /* LaunchScreen.storyboard in Resources */,
				E6990C8F1D39C77400A6A7C9 /* Assets.xcassets in Resources */,
				E6990C8D1D39C77400A6A7C9 /* Main.storyboard in Resources */,
			);
			runOnlyForDeploymentPostprocessing = 0;
		};
/* End PBXResourcesBuildPhase section */

/* Begin PBXSourcesBuildPhase section */
		E6990C801D39C77400A6A7C9 /* Sources */ = {
			isa = PBXSourcesBuildPhase;
			buildActionMask = 2147483647;
			files = (
				E6990C8A1D39C77400A6A7C9 /* ViewController.swift in Sources */,
				E6990C881D39C77400A6A7C9 /* AppDelegate.swift in Sources */,
				E6F9F8151D3C658A00A20297 /* ColoresStruct.swift in Sources */,
				E6990C9A1D39C7BF00A6A7C9 /* Datos.swift in Sources */,
			);
			runOnlyForDeploymentPostprocessing = 0;
		};
/* End PBXSourcesBuildPhase section */

/* Begin PBXVariantGroup section */
		E6990C8B1D39C77400A6A7C9 /* Main.storyboard */ = {
			isa = PBXVariantGroup;
			children = (
				E6990C8C1D39C77400A6A7C9 /* Base */,
			);
			name = Main.storyboard;
			sourceTree = "<group>";
		};
		E6990C901D39C77400A6A7C9 /* LaunchScreen.storyboard */ = {
			isa = PBXVariantGroup;
			children = (
				E6990C911D39C77400A6A7C9 /* Base */,
			);
			name = LaunchScreen.storyboard;
			sourceTree = "<group>";
		};
/* End PBXVariantGroup section */

/* Begin XCBuildConfiguration section */
		E6990C941D39C77400A6A7C9 /* Debug */ = {
			isa = XCBuildConfiguration;
			buildSettings = {
				ALWAYS_SEARCH_USER_PATHS = NO;
				CLANG_CXX_LANGUAGE_STANDARD = "gnu++0x";
				CLANG_CXX_LIBRARY = "libc++";
				CLANG_ENABLE_MODULES = YES;
				CLANG_ENABLE_OBJC_ARC = YES;
				CLANG_WARN_BOOL_CONVERSION = YES;
				CLANG_WARN_CONSTANT_CONVERSION = YES;
				CLANG_WARN_DIRECT_OBJC_ISA_USAGE = YES_ERROR;
				CLANG_WARN_EMPTY_BODY = YES;
				CLANG_WARN_ENUM_CONVERSION = YES;
				CLANG_WARN_INT_CONVERSION = YES;
				CLANG_WARN_OBJC_ROOT_CLASS = YES_ERROR;
				CLANG_WARN_UNREACHABLE_CODE = YES;
				CLANG_WARN__DUPLICATE_METHOD_MATCH = YES;
				"CODE_SIGN_IDENTITY[sdk=iphoneos*]" = "iPhone Developer";
				COPY_PHASE_STRIP = NO;
				DEBUG_INFORMATION_FORMAT = dwarf;
				ENABLE_STRICT_OBJC_MSGSEND = YES;
				ENABLE_TESTABILITY = YES;
				GCC_C_LANGUAGE_STANDARD = gnu99;
				GCC_DYNAMIC_NO_PIC = NO;
				GCC_NO_COMMON_BLOCKS = YES;
				GCC_OPTIMIZATION_LEVEL = 0;
				GCC_PREPROCESSOR_DEFINITIONS = (
					"DEBUG=1",
					"$(inherited)",
				);
				GCC_WARN_64_TO_32_BIT_CONVERSION = YES;
				GCC_WARN_ABOUT_RETURN_TYPE = YES_ERROR;
				GCC_WARN_UNDECLARED_SELECTOR = YES;
				GCC_WARN_UNINITIALIZED_AUTOS = YES_AGGRESSIVE;
				GCC_WARN_UNUSED_FUNCTION = YES;
				GCC_WARN_UNUSED_VARIABLE = YES;
				IPHONEOS_DEPLOYMENT_TARGET = 9.0;
				MTL_ENABLE_DEBUG_INFO = YES;
				ONLY_ACTIVE_ARCH = YES;
				SDKROOT = iphoneos;
				SWIFT_OPTIMIZATION_LEVEL = "-Onone";
			};
			name = Debug;
		};
		E6990C951D39C77400A6A7C9 /* Release */ = {
			isa = XCBuildConfiguration;
			buildSettings = {
				ALWAYS_SEARCH_USER_PATHS = NO;
				CLANG_CXX_LANGUAGE_STANDARD = "gnu++0x";
				CLANG_CXX_LIBRARY = "libc++";
				CLANG_ENABLE_MODULES = YES;
				CLANG_ENABLE_OBJC_ARC = YES;
				CLANG_WARN_BOOL_CONVERSION = YES;
				CLANG_WARN_CONSTANT_CONVERSION = YES;
				CLANG_WARN_DIRECT_OBJC_ISA_USAGE = YES_ERROR;
				CLANG_WARN_EMPTY_BODY = YES;
				CLANG_WARN_ENUM_CONVERSION = YES;
				CLANG_WARN_INT_CONVERSION = YES;
				CLANG_WARN_OBJC_ROOT_CLASS = YES_ERROR;
				CLANG_WARN_UNREACHABLE_CODE = YES;
				CLANG_WARN__DUPLICATE_METHOD_MATCH = YES;
				"CODE_SIGN_IDENTITY[sdk=iphoneos*]" = "iPhone Developer";
				COPY_PHASE_STRIP = NO;
				DEBUG_INFORMATION_FORMAT = "dwarf-with-dsym";
				ENABLE_NS_ASSERTIONS = NO;
				ENABLE_STRICT_OBJC_MSGSEND = YES;
				GCC_C_LANGUAGE_STANDARD = gnu99;
				GCC_NO_COMMON_BLOCKS = YES;
				GCC_WARN_64_TO_32_BIT_CONVERSION = YES;
				GCC_WARN_ABOUT_RETURN_TYPE = YES_ERROR;
				GCC_WARN_UNDECLARED_SELECTOR = YES;
				GCC_WARN_UNINITIALIZED_AUTOS = YES_AGGRESSIVE;
				GCC_WARN_UNUSED_FUNCTION = YES;
				GCC_WARN_UNUSED_VARIABLE = YES;
				IPHONEOS_DEPLOYMENT_TARGET = 9.0;
				MTL_ENABLE_DEBUG_INFO = NO;
				SDKROOT = iphoneos;
				VALIDATE_PRODUCT = YES;
			};
			name = Release;
		};
		E6990C971D39C77400A6A7C9 /* Debug */ = {
			isa = XCBuildConfiguration;
			buildSettings = {
				ASSETCATALOG_COMPILER_APPICON_NAME = AppIcon;
				INFOPLIST_FILE = Hamburguesas/Info.plist;
				LD_RUNPATH_SEARCH_PATHS = "$(inherited) @executable_path/Frameworks";
				PRODUCT_BUNDLE_IDENTIFIER = mx.lausaa.Hamburguesas;
				PRODUCT_NAME = "$(TARGET_NAME)";
			};
			name = Debug;
		};
		E6990C981D39C77400A6A7C9 /* Release */ = {
			isa = XCBuildConfiguration;
			buildSettings = {
				ASSETCATALOG_COMPILER_APPICON_NAME = AppIcon;
				INFOPLIST_FILE = Hamburguesas/Info.plist;
				LD_RUNPATH_SEARCH_PATHS = "$(inherited) @executable_path/Frameworks";
				PRODUCT_BUNDLE_IDENTIFIER = mx.lausaa.Hamburguesas;
				PRODUCT_NAME = "$(TARGET_NAME)";
			};
			name = Release;
		};
/* End XCBuildConfiguration section */

/* Begin XCConfigurationList section */
		E6990C7F1D39C77400A6A7C9 /* Build configuration list for PBXProject "Hamburguesas" */ = {
			isa = XCConfigurationList;
			buildConfigurations = (
				E6990C941D39C77400A6A7C9 /* Debug */,
				E6990C951D39C77400A6A7C9 /* Release */,
			);
			defaultConfigurationIsVisible = 0;
			defaultConfigurationName = Release;
		};
		E6990C961D39C77400A6A7C9 /* Build configuration list for PBXNativeTarget "Hamburguesas" */ = {
			isa = XCConfigurationList;
			buildConfigurations = (
				E6990C971D39C77400A6A7C9 /* Debug */,
				E6990C981D39C77400A6A7C9 /* Release */,
			);
			defaultConfigurationIsVisible = 0;
			defaultConfigurationName = Release;
		};
/* End XCConfigurationList section */
	};
	rootObject = E6990C7C1D39C77400A6A7C9 /* Project object */;
}
